hash: 09da46db807d257f4a16295041cd298c62c4ac865955fb23ad3db781dc2bdd5d
updated: 2018-09-04T18:42:59.461216+02:00
imports:
- name: github.com/Sirupsen/logrus
  version: 78fa2915c1fa231f62e0438da493688c21ca678e
- name: golang.org/x/crypto
  version: 0709b304e793a5edb4a2c0145f281ecdc20838a4
  subpackages:
  - ssh/terminal
- name: golang.org/x/sys
  version: 2b024373dcd9800f0cae693839fac6ede8d64a8c
  subpackages:
  - unix
  - windows
- name: golang.org/x/text
  version: 6e3c4e7365ddcc329f090f96e4348398f6310088
  subpackages:
  - encoding
  - encoding/charmap
  - encoding/internal
  - encoding/internal/identifier
  - transform
testImports: []
